{
  "version": 4,
  "terraform_version": "1.1.7",
  "serial": 3,
  "lineage": "a098e7e2-4d42-083f-87e4-9c599333a066",
  "outputs": {
    "ip": {
      "value": "13.40.193.224",
      "type": "string"
    }
  },
  "resources": [
    {
      "mode": "managed",
      "type": "aws_instance",
      "name": "example",
      "provider": "provider[\"registry.terraform.io/hashicorp/aws\"]",
      "instances": [
        {
          "schema_version": 1,
          "attributes": {
            "ami": "ami-03e88be9ecff64781",
            "arn": "arn:aws:ec2:eu-west-2:648378716943:instance/i-04d73c674d090586e",
            "associate_public_ip_address": true,
            "availability_zone": "eu-west-2b",
            "capacity_reservation_specification": [
              {
                "capacity_reservation_preference": "open",
                "capacity_reservation_target": []
              }
            ],
            "cpu_core_count": 1,
            "cpu_threads_per_core": 1,
            "credit_specification": [
              {
                "cpu_credits": "standard"
              }
            ],
            "disable_api_termination": false,
            "ebs_block_device": [],
            "ebs_optimized": false,
            "enclave_options": [
              {
                "enabled": false
              }
            ],
            "ephemeral_block_device": [],
            "get_password_data": false,
            "hibernation": false,
            "host_id": null,
            "iam_instance_profile": "",
            "id": "i-04d73c674d090586e",
            "instance_initiated_shutdown_behavior": "stop",
            "instance_state": "running",
            "instance_type": "t2.micro",
            "ipv6_address_count": 0,
            "ipv6_addresses": [],
            "key_name": "mykey1",
            "launch_template": [],
            "metadata_options": [
              {
                "http_endpoint": "enabled",
                "http_put_response_hop_limit": 1,
                "http_tokens": "optional",
                "instance_metadata_tags": "disabled"
              }
            ],
            "monitoring": false,
            "network_interface": [],
            "outpost_arn": "",
            "password_data": "",
            "placement_group": "",
            "placement_partition_number": null,
            "primary_network_interface_id": "eni-08593b5e62c78ae47",
            "private_dns": "ip-172-31-40-4.eu-west-2.compute.internal",
            "private_ip": "172.31.40.4",
            "public_dns": "ec2-13-40-193-224.eu-west-2.compute.amazonaws.com",
            "public_ip": "13.40.193.224",
            "root_block_device": [
              {
                "delete_on_termination": true,
                "device_name": "/dev/xvda",
                "encrypted": false,
                "iops": 100,
                "kms_key_id": "",
                "tags": {},
                "throughput": 0,
                "volume_id": "vol-00e40fe86b836f0ee",
                "volume_size": 8,
                "volume_type": "gp2"
              }
            ],
            "secondary_private_ips": [],
            "security_groups": [
              "default"
            ],
            "source_dest_check": true,
            "subnet_id": "subnet-080f70143138a17d3",
            "tags": null,
            "tags_all": {},
            "tenancy": "default",
            "timeouts": null,
            "user_data": null,
            "user_data_base64": null,
            "volume_tags": null,
            "vpc_security_group_ids": [
              "sg-09832090a48f66d0b"
            ]
          },
          "sensitive_attributes": [],
          "private": "eyJlMmJmYjczMC1lY2FhLTExZTYtOGY4OC0zNDM2M2JjN2M0YzAiOnsiY3JlYXRlIjo2MDAwMDAwMDAwMDAsImRlbGV0ZSI6MTIwMDAwMDAwMDAwMCwidXBkYXRlIjo2MDAwMDAwMDAwMDB9LCJzY2hlbWFfdmVyc2lvbiI6IjEifQ==",
          "dependencies": [
            "aws_key_pair.example"
          ]
        }
      ]
    },
    {
      "mode": "managed",
      "type": "aws_key_pair",
      "name": "example",
      "provider": "provider[\"registry.terraform.io/hashicorp/aws\"]",
      "instances": [
        {
          "schema_version": 1,
          "attributes": {
            "arn": "arn:aws:ec2:eu-west-2:648378716943:key-pair/mykey1",
            "fingerprint": "8e:e2:ac:15:17:6a:9b:3a:21:74:97:52:6d:54:3a:1d",
            "id": "mykey1",
            "key_name": "mykey1",
            "key_name_prefix": "",
            "key_pair_id": "key-0bdad4140dd9f8413",
            "public_key": "ssh-rsa AAAAB3NzaC1yc2EAAAADAQABAAABAQD2bYiartcvMQaV4PIUwEXPcgx/5QQf2VMVAyksZ5FnnZJtXzwO7ne4cHWlH1nbe6lb4uUqR3F/QBkDyVwZLOeGwmdOZNXJOUWI8f2suz/pE3psypk/3RpN61lZvAArEQku+bwLyLsrU2XhM0hqN0gcqS+/Tq11XSiWo7zSBX/6+JRlWfE5fvY7qPm1Ad6VAJ36u64AzOSwqzQY1+THhUvW4vCWsASibF6k/lPQLhoE3VY49Ri8N6/BcwUnamzJs+/9iDNv5u0GcTWvg9CvDJa3ImYD9y9WGs40y3eGMsNRKQ0L1qD+NRPiyUOaE9xM9bf4+DDV3tY/6VkqQxcudTIH vibakar@vibakar-Inspiron-5558",
            "tags": null,
            "tags_all": {}
          },
          "sensitive_attributes": [],
          "private": "eyJzY2hlbWFfdmVyc2lvbiI6IjEifQ=="
        }
      ]
    }
  ]
}
